
Microsoft Visual Studio Solution File, Format Version 12.00
# Visual Studio 15
VisualStudioVersion = 15.0.27703.2035
MinimumVisualStudioVersion = 10.0.40219.1
Project("{8BC9CEB8-8B4A-11D0-8D11-00A0C91BC942}") = "NNCombs", "NNCombs\NNCombs.vcxproj", "{BC16F826-DECA-40C4-B0CE-67698C9DC759}"
EndProject
Global
	GlobalSection(SolutionConfigurationPlatforms) = preSolution
		Debug|x64 = Debug|x64
		Debug|x86 = Debug|x86
		Release|x64 = Release|x64
		Release|x86 = Release|x86
	EndGlobalSection
	GlobalSection(ProjectConfigurationPlatforms) = postSolution
		{BC16F826-DECA-40C4-B0CE-67698C9DC759}.Debug|x64.ActiveCfg = Debug|x64
		{BC16F826-DECA-40C4-B0CE-67698C9DC759}.Debug|x64.Build.0 = Debug|x64
		{BC16F826-DECA-40C4-B0CE-67698C9DC759}.Debug|x86.ActiveCfg = Debug|Win32
		{BC16F826-DECA-40C4-B0CE-67698C9DC759}.Debug|x86.Build.0 = Debug|Win32
		{BC16F826-DECA-40C4-B0CE-67698C9DC759}.Release|x64.ActiveCfg = Release|x64
		{BC16F826-DECA-40C4-B0CE-67698C9DC759}.Release|x64.Build.0 = Release|x64
		{BC16F826-DECA-40C4-B0CE-67698C9DC759}.Release|x86.ActiveCfg = Release|Win32
		{BC16F826-DECA-40C4-B0CE-67698C9DC759}.Release|x86.Build.0 = Release|Win32
	EndGlobalSection
	GlobalSection(SolutionProperties) = preSolution
		HideSolutionNode = FALSE
	EndGlobalSection
	GlobalSection(ExtensibilityGlobals) = postSolution
		SolutionGuid = {F5A70499-7F60-4A5B-9007-5253AF142219}
	EndGlobalSection
EndGlobal
